
Microsoft Visual Studio Solution File, Format Version 12.00
# Visual Studio Version 17
VisualStudioVersion = 17.2.32616.157
MinimumVisualStudioVersion = 10.0.40219.1
Project("{FAE04EC0-301F-11D3-BF4B-00C04F79EFBC}") = "ConsoleApp1", "ConsoleApp1\ConsoleApp1.csproj", "{A63DA50A-A9DD-4FC9-8CFD-AABED80AEB23}"
EndProject
Global
	GlobalSection(SolutionConfigurationPlatforms) = preSolution
		Debug|Any CPU = Debug|Any CPU
		Release|Any CPU = Release|Any CPU
	EndGlobalSection
	GlobalSection(ProjectConfigurationPlatforms) = postSolution
		{A63DA50A-A9DD-4FC9-8CFD-AABED80AEB23}.Debug|Any CPU.ActiveCfg = Debug|Any CPU
		{A63DA50A-A9DD-4FC9-8CFD-AABED80AEB23}.Debug|Any CPU.Build.0 = Debug|Any CPU
		{A63DA50A-A9DD-4FC9-8CFD-AABED80AEB23}.Release|Any CPU.ActiveCfg = Release|Any CPU
		{A63DA50A-A9DD-4FC9-8CFD-AABED80AEB23}.Release|Any CPU.Build.0 = Release|Any CPU
	EndGlobalSection
	GlobalSection(SolutionProperties) = preSolution
		HideSolutionNode = FALSE
	EndGlobalSection
	GlobalSection(ExtensibilityGlobals) = postSolution
		SolutionGuid = {ACBB2139-E898-4CB0-92ED-8373F28CB9A0}
	EndGlobalSection
EndGlobal
